
Microsoft Visual Studio Solution File, Format Version 12.00
# Visual Studio Version 16
VisualStudioVersion = 16.0.29709.97
MinimumVisualStudioVersion = 10.0.40219.1
Project("{FAE04EC0-301F-11D3-BF4B-00C04F79EFBC}") = "EncryptionLibrary", "EncryptionLibrary\EncryptionLibrary.csproj", "{89B62D63-E340-4268-B72F-C38B35DB6DAA}"
EndProject
Global
	GlobalSection(SolutionConfigurationPlatforms) = preSolution
		Debug|Any CPU = Debug|Any CPU
		Release|Any CPU = Release|Any CPU
	EndGlobalSection
	GlobalSection(ProjectConfigurationPlatforms) = postSolution
		{89B62D63-E340-4268-B72F-C38B35DB6DAA}.Debug|Any CPU.ActiveCfg = Debug|Any CPU
		{89B62D63-E340-4268-B72F-C38B35DB6DAA}.Debug|Any CPU.Build.0 = Debug|Any CPU
		{89B62D63-E340-4268-B72F-C38B35DB6DAA}.Release|Any CPU.ActiveCfg = Release|Any CPU
		{89B62D63-E340-4268-B72F-C38B35DB6DAA}.Release|Any CPU.Build.0 = Release|Any CPU
	EndGlobalSection
	GlobalSection(SolutionProperties) = preSolution
		HideSolutionNode = FALSE
	EndGlobalSection
	GlobalSection(ExtensibilityGlobals) = postSolution
		SolutionGuid = {721F660D-6667-4A65-AF37-FD92551E04F6}
	EndGlobalSection
EndGlobal
